// !$*UTF8*$!
{
	archiveVersion = 1;
	classes = {
	};
	objectVersion = 46;
	objects = {

/* Begin PBXBuildFile section */
		52A13BAD1C1E4C6A00F8979D /* AppDelegate.swift in Sources */ = {isa = PBXBuildFile; fileRef = 52A13BAC1C1E4C6A00F8979D /* AppDelegate.swift */; };
		52A13BAF1C1E4C6A00F8979D /* ViewController.swift in Sources */ = {isa = PBXBuildFile; fileRef = 52A13BAE1C1E4C6A00F8979D /* ViewController.swift */; };
		52A13BB21C1E4C6B00F8979D /* Main.storyboard in Resources */ = {isa = PBXBuildFile; fileRef = 52A13BB01C1E4C6B00F8979D /* Main.storyboard */; };
		52A13BB41C1E4C6B00F8979D /* Assets.xcassets in Resources */ = {isa = PBXBuildFile; fileRef = 52A13BB31C1E4C6B00F8979D /* Assets.xcassets */; };
		52A13BB71C1E4C6B00F8979D /* LaunchScreen.storyboard in Resources */ = {isa = PBXBuildFile; fileRef = 52A13BB51C1E4C6B00F8979D /* LaunchScreen.storyboard */; };
		52CBDA921C2B972500B7D70A /* restaurant-766050_640_Fotor.jpg in Resources */ = {isa = PBXBuildFile; fileRef = 52CBDA911C2B972500B7D70A /* restaurant-766050_640_Fotor.jpg */; };
		52CBDA941C2BE85D00B7D70A /* AppIcon40x40@2x.png in Resources */ = {isa = PBXBuildFile; fileRef = 52CBDA931C2BE85D00B7D70A /* AppIcon40x40@2x.png */; };
/* End PBXBuildFile section */

/* Begin PBXFileReference section */
		52A13BA91C1E4C6900F8979D /* Grazie.app */ = {isa = PBXFileReference; explicitFileType = wrapper.application; includeInIndex = 0; path = Grazie.app; sourceTree = BUILT_PRODUCTS_DIR; };
		52A13BAC1C1E4C6A00F8979D /* AppDelegate.swift */ = {isa = PBXFileReference; lastKnownFileType = sourcecode.swift; path = AppDelegate.swift; sourceTree = "<group>"; };
		52A13BAE1C1E4C6A00F8979D /* ViewController.swift */ = {isa = PBXFileReference; lastKnownFileType = sourcecode.swift; path = ViewController.swift; sourceTree = "<group>"; };
		52A13BB11C1E4C6B00F8979D /* Base */ = {isa = PBXFileReference; lastKnownFileType = file.storyboard; name = Base; path = Base.lproj/Main.storyboard; sourceTree = "<group>"; };
		52A13BB31C1E4C6B00F8979D /* Assets.xcassets */ = {isa = PBXFileReference; lastKnownFileType = folder.assetcatalog; path = Assets.xcassets; sourceTree = "<group>"; };
		52A13BB61C1E4C6B00F8979D /* Base */ = {isa = PBXFileReference; lastKnownFileType = file.storyboard; name = Base; path = Base.lproj/LaunchScreen.storyboard; sourceTree = "<group>"; };
		52A13BB81C1E4C6B00F8979D /* Info.plist */ = {isa = PBXFileReference; lastKnownFileType = text.plist.xml; path = Info.plist; sourceTree = "<group>"; };
		52CBDA911C2B972500B7D70A /* restaurant-766050_640_Fotor.jpg */ = {isa = PBXFileReference; lastKnownFileType = image.jpeg; path = "restaurant-766050_640_Fotor.jpg"; sourceTree = "<group>"; };
		52CBDA931C2BE85D00B7D70A /* AppIcon40x40@2x.png */ = {isa = PBXFileReference; lastKnownFileType = image.png; path = "AppIcon40x40@2x.png"; sourceTree = "<group>"; };
/* End PBXFileReference section */

/* Begin PBXFrameworksBuildPhase section */
		52A13BA61C1E4C6900F8979D /* Frameworks */ = {
			isa = PBXFrameworksBuildPhase;
			buildActionMask = 2147483647;
			files = (
			);
			runOnlyForDeploymentPostprocessing = 0;
		};
/* End PBXFrameworksBuildPhase section */

/* Begin PBXGroup section */
		52A13BA01C1E4C6800F8979D = {
			isa = PBXGroup;
			children = (
				52A13BAB1C1E4C6900F8979D /* tips */,
				52A13BAA1C1E4C6900F8979D /* Products */,
			);
			sourceTree = "<group>";
		};
		52A13BAA1C1E4C6900F8979D /* Products */ = {
			isa = PBXGroup;
			children = (
				52A13BA91C1E4C6900F8979D /* Grazie.app */,
			);
			name = Products;
			sourceTree = "<group>";
		};
		52A13BAB1C1E4C6900F8979D /* tips */ = {
			isa = PBXGroup;
			children = (
				52CBDA911C2B972500B7D70A /* restaurant-766050_640_Fotor.jpg */,
				52A13BAC1C1E4C6A00F8979D /* AppDelegate.swift */,
				52A13BAE1C1E4C6A00F8979D /* ViewController.swift */,
				52CBDA931C2BE85D00B7D70A /* AppIcon40x40@2x.png */,
				52A13BB01C1E4C6B00F8979D /* Main.storyboard */,
				52A13BB31C1E4C6B00F8979D /* Assets.xcassets */,
				52A13BB51C1E4C6B00F8979D /* LaunchScreen.storyboard */,
				52A13BB81C1E4C6B00F8979D /* Info.plist */,
			);
			path = tips;
			sourceTree = "<group>";
		};
/* End PBXGroup section */

/* Begin PBXNativeTarget section */
		52A13BA81C1E4C6900F8979D /* Grazie */ = {
			isa = PBXNativeTarget;
			buildConfigurationList = 52A13BBB1C1E4C6B00F8979D /* Build configuration list for PBXNativeTarget "Grazie" */;
			buildPhases = (
				52A13BA51C1E4C6900F8979D /* Sources */,
				52A13BA61C1E4C6900F8979D /* Frameworks */,
				52A13BA71C1E4C6900F8979D /* Resources */,
			);
			buildRules = (
			);
			dependencies = (
			);
			name = Grazie;
			productName = tips;
			productReference = 52A13BA91C1E4C6900F8979D /* Grazie.app */;
			productType = "com.apple.product-type.application";
		};
/* End PBXNativeTarget section */

/* Begin PBXProject section */
		52A13BA11C1E4C6800F8979D /* Project object */ = {
			isa = PBXProject;
			attributes = {
				LastSwiftUpdateCheck = 0710;
				LastUpgradeCheck = 0710;
				ORGANIZATIONNAME = SM;
				TargetAttributes = {
					52A13BA81C1E4C6900F8979D = {
						CreatedOnToolsVersion = 7.1;
					};
				};
			};
			buildConfigurationList = 52A13BA41C1E4C6800F8979D /* Build configuration list for PBXProject "Grazie" */;
			compatibilityVersion = "Xcode 3.2";
			developmentRegion = English;
			hasScannedForEncodings = 0;
			knownRegions = (
				en,
				Base,
			);
			mainGroup = 52A13BA01C1E4C6800F8979D;
			productRefGroup = 52A13BAA1C1E4C6900F8979D /* Products */;
			projectDirPath = "";
			projectRoot = "";
			targets = (
				52A13BA81C1E4C6900F8979D /* Grazie */,
			);
		};
/* End PBXProject section */

/* Begin PBXResourcesBuildPhase section */
		52A13BA71C1E4C6900F8979D /* Resources */ = {
			isa = PBXResourcesBuildPhase;
			buildActionMask = 2147483647;
			files = (
				52A13BB71C1E4C6B00F8979D /* LaunchScreen.storyboard in Resources */,
				52CBDA941C2BE85D00B7D70A /* AppIcon40x40@2x.png in Resources */,
				52A13BB41C1E4C6B00F8979D /* Assets.xcassets in Resources */,
				52CBDA921C2B972500B7D70A /* restaurant-766050_640_Fotor.jpg in Resources */,
				52A13BB21C1E4C6B00F8979D /* Main.storyboard in Resources */,
			);
			runOnlyForDeploymentPostprocessing = 0;
		};
/* End PBXResourcesBuildPhase section */

/* Begin PBXSourcesBuildPhase section */
		52A13BA51C1E4C6900F8979D /* Sources */ = {
			isa = PBXSourcesBuildPhase;
			buildActionMask = 2147483647;
			files = (
				52A13BAF1C1E4C6A00F8979D /* ViewController.swift in Sources */,
				52A13BAD1C1E4C6A00F8979D /* AppDelegate.swift in Sources */,
			);
			runOnlyForDeploymentPostprocessing = 0;
		};
/* End PBXSourcesBuildPhase section */

/* Begin PBXVariantGroup section */
		52A13BB01C1E4C6B00F8979D /* Main.storyboard */ = {
			isa = PBXVariantGroup;
			children = (
				52A13BB11C1E4C6B00F8979D /* Base */,
			);
			name = Main.storyboard;
			sourceTree = "<group>";
		};
		52A13BB51C1E4C6B00F8979D /* LaunchScreen.storyboard */ = {
			isa = PBXVariantGroup;
			children = (
				52A13BB61C1E4C6B00F8979D /* Base */,
			);
			name = LaunchScreen.storyboard;
			sourceTree = "<group>";
		};
/* End PBXVariantGroup section */

/* Begin XCBuildConfiguration section */
		52A13BB91C1E4C6B00F8979D /* Debug */ = {
			isa = XCBuildConfiguration;
			buildSettings = {
				ALWAYS_SEARCH_USER_PATHS = NO;
				CLANG_CXX_LANGUAGE_STANDARD = "gnu++0x";
				CLANG_CXX_LIBRARY = "libc++";
				CLANG_ENABLE_MODULES = YES;
				CLANG_ENABLE_OBJC_ARC = YES;
				CLANG_WARN_BOOL_CONVERSION = YES;
				CLANG_WARN_CONSTANT_CONVERSION = YES;
				CLANG_WARN_DIRECT_OBJC_ISA_USAGE = YES_ERROR;
				CLANG_WARN_EMPTY_BODY = YES;
				CLANG_WARN_ENUM_CONVERSION = YES;
				CLANG_WARN_INT_CONVERSION = YES;
				CLANG_WARN_OBJC_ROOT_CLASS = YES_ERROR;
				CLANG_WARN_UNREACHABLE_CODE = YES;
				CLANG_WARN__DUPLICATE_METHOD_MATCH = YES;
				"CODE_SIGN_IDENTITY[sdk=iphoneos*]" = "iPhone Developer";
				COPY_PHASE_STRIP = NO;
				DEBUG_INFORMATION_FORMAT = dwarf;
				ENABLE_STRICT_OBJC_MSGSEND = YES;
				ENABLE_TESTABILITY = YES;
				GCC_C_LANGUAGE_STANDARD = gnu99;
				GCC_DYNAMIC_NO_PIC = NO;
				GCC_NO_COMMON_BLOCKS = YES;
				GCC_OPTIMIZATION_LEVEL = 0;
				GCC_PREPROCESSOR_DEFINITIONS = (
					"DEBUG=1",
					"$(inherited)",
				);
				GCC_WARN_64_TO_32_BIT_CONVERSION = YES;
				GCC_WARN_ABOUT_RETURN_TYPE = YES_ERROR;
				GCC_WARN_UNDECLARED_SELECTOR = YES;
				GCC_WARN_UNINITIALIZED_AUTOS = YES_AGGRESSIVE;
				GCC_WARN_UNUSED_FUNCTION = YES;
				GCC_WARN_UNUSED_VARIABLE = YES;
				IPHONEOS_DEPLOYMENT_TARGET = 9.1;
				MTL_ENABLE_DEBUG_INFO = YES;
				ONLY_ACTIVE_ARCH = YES;
				SDKROOT = iphoneos;
				SWIFT_OPTIMIZATION_LEVEL = "-Onone";
			};
			name = Debug;
		};
		52A13BBA1C1E4C6B00F8979D /* Release */ = {
			isa = XCBuildConfiguration;
			buildSettings = {
				ALWAYS_SEARCH_USER_PATHS = NO;
				CLANG_CXX_LANGUAGE_STANDARD = "gnu++0x";
				CLANG_CXX_LIBRARY = "libc++";
				CLANG_ENABLE_MODULES = YES;
				CLANG_ENABLE_OBJC_ARC = YES;
				CLANG_WARN_BOOL_CONVERSION = YES;
				CLANG_WARN_CONSTANT_CONVERSION = YES;
				CLANG_WARN_DIRECT_OBJC_ISA_USAGE = YES_ERROR;
				CLANG_WARN_EMPTY_BODY = YES;
				CLANG_WARN_ENUM_CONVERSION = YES;
				CLANG_WARN_INT_CONVERSION = YES;
				CLANG_WARN_OBJC_ROOT_CLASS = YES_ERROR;
				CLANG_WARN_UNREACHABLE_CODE = YES;
				CLANG_WARN__DUPLICATE_METHOD_MATCH = YES;
				"CODE_SIGN_IDENTITY[sdk=iphoneos*]" = "iPhone Developer";
				COPY_PHASE_STRIP = NO;
				DEBUG_INFORMATION_FORMAT = "dwarf-with-dsym";
				ENABLE_NS_ASSERTIONS = NO;
				ENABLE_STRICT_OBJC_MSGSEND = YES;
				GCC_C_LANGUAGE_STANDARD = gnu99;
				GCC_NO_COMMON_BLOCKS = YES;
				GCC_WARN_64_TO_32_BIT_CONVERSION = YES;
				GCC_WARN_ABOUT_RETURN_TYPE = YES_ERROR;
				GCC_WARN_UNDECLARED_SELECTOR = YES;
				GCC_WARN_UNINITIALIZED_AUTOS = YES_AGGRESSIVE;
				GCC_WARN_UNUSED_FUNCTION = YES;
				GCC_WARN_UNUSED_VARIABLE = YES;
				IPHONEOS_DEPLOYMENT_TARGET = 9.1;
				MTL_ENABLE_DEBUG_INFO = NO;
				SDKROOT = iphoneos;
				VALIDATE_PRODUCT = YES;
			};
			name = Release;
		};
		52A13BBC1C1E4C6B00F8979D /* Debug */ = {
			isa = XCBuildConfiguration;
			buildSettings = {
				ASSETCATALOG_COMPILER_APPICON_NAME = AppIcon;
				INFOPLIST_FILE = tips/Info.plist;
				LD_RUNPATH_SEARCH_PATHS = "$(inherited) @executable_path/Frameworks";
				PRODUCT_BUNDLE_IDENTIFIER = com.SM.tips;
				PRODUCT_NAME = Grazie;
			};
			name = Debug;
		};
		52A13BBD1C1E4C6B00F8979D /* Release */ = {
			isa = XCBuildConfiguration;
			buildSettings = {
				ASSETCATALOG_COMPILER_APPICON_NAME = AppIcon;
				INFOPLIST_FILE = tips/Info.plist;
				LD_RUNPATH_SEARCH_PATHS = "$(inherited) @executable_path/Frameworks";
				PRODUCT_BUNDLE_IDENTIFIER = com.SM.tips;
				PRODUCT_NAME = Grazie;
			};
			name = Release;
		};
/* End XCBuildConfiguration section */

/* Begin XCConfigurationList section */
		52A13BA41C1E4C6800F8979D /* Build configuration list for PBXProject "Grazie" */ = {
			isa = XCConfigurationList;
			buildConfigurations = (
				52A13BB91C1E4C6B00F8979D /* Debug */,
				52A13BBA1C1E4C6B00F8979D /* Release */,
			);
			defaultConfigurationIsVisible = 0;
			defaultConfigurationName = Release;
		};
		52A13BBB1C1E4C6B00F8979D /* Build configuration list for PBXNativeTarget "Grazie" */ = {
			isa = XCConfigurationList;
			buildConfigurations = (
				52A13BBC1C1E4C6B00F8979D /* Debug */,
				52A13BBD1C1E4C6B00F8979D /* Release */,
			);
			defaultConfigurationIsVisible = 0;
			defaultConfigurationName = Release;
		};
/* End XCConfigurationList section */
	};
	rootObject = 52A13BA11C1E4C6800F8979D /* Project object */;
}
